
Microsoft Visual Studio Solution File, Format Version 12.00
# Visual Studio Version 16
VisualStudioVersion = 16.0.31205.134
MinimumVisualStudioVersion = 10.0.40219.1
Project("{FAE04EC0-301F-11D3-BF4B-00C04F79EFBC}") = "May4_EventDemo", "May4_EventDemo\May4_EventDemo.csproj", "{749C2956-BD40-4EF5-9CCE-EDAB04C51DB2}"
EndProject
Global
	GlobalSection(SolutionConfigurationPlatforms) = preSolution
		Debug|Any CPU = Debug|Any CPU
		Release|Any CPU = Release|Any CPU
	EndGlobalSection
	GlobalSection(ProjectConfigurationPlatforms) = postSolution
		{749C2956-BD40-4EF5-9CCE-EDAB04C51DB2}.Debug|Any CPU.ActiveCfg = Debug|Any CPU
		{749C2956-BD40-4EF5-9CCE-EDAB04C51DB2}.Debug|Any CPU.Build.0 = Debug|Any CPU
		{749C2956-BD40-4EF5-9CCE-EDAB04C51DB2}.Release|Any CPU.ActiveCfg = Release|Any CPU
		{749C2956-BD40-4EF5-9CCE-EDAB04C51DB2}.Release|Any CPU.Build.0 = Release|Any CPU
	EndGlobalSection
	GlobalSection(SolutionProperties) = preSolution
		HideSolutionNode = FALSE
	EndGlobalSection
	GlobalSection(ExtensibilityGlobals) = postSolution
		SolutionGuid = {B125589D-6D35-44CC-982D-69CDE72F5F1E}
	EndGlobalSection
EndGlobal
